// !$*UTF8*$!
{
	archiveVersion = 1;
	classes = {
	};
	objectVersion = 48;
	objects = {

/* Begin PBXBuildFile section */
		3C03E21921354C7500900A65 /* Header.m in Sources */ = {isa = PBXBuildFile; fileRef = 3C03E21821354C7500900A65 /* Header.m */; };
		3C03E21C21354EF800900A65 /* HeaderCollectionViewCell.m in Sources */ = {isa = PBXBuildFile; fileRef = 3C03E21B21354EF800900A65 /* HeaderCollectionViewCell.m */; };
		3C03E21F213558B400900A65 /* CustomFlowLayout.m in Sources */ = {isa = PBXBuildFile; fileRef = 3C03E21E213558B400900A65 /* CustomFlowLayout.m */; };
		3C03E22221355F9F00900A65 /* FlowLayoutTestController.m in Sources */ = {isa = PBXBuildFile; fileRef = 3C03E22121355F9F00900A65 /* FlowLayoutTestController.m */; };
		3C0BEEC2206232B30022055C /* Person.m in Sources */ = {isa = PBXBuildFile; fileRef = 3C0BEEC1206232B30022055C /* Person.m */; };
		3C0BEEC520649D950022055C /* LinkListViewController.m in Sources */ = {isa = PBXBuildFile; fileRef = 3C0BEEC420649D950022055C /* LinkListViewController.m */; };
		3C0BEED12064A4B70022055C /* ListNode.c in Sources */ = {isa = PBXBuildFile; fileRef = 3C0BEECE2064A3D40022055C /* ListNode.c */; };
		3C0BEED22064AAD40022055C /* Stack.c in Sources */ = {isa = PBXBuildFile; fileRef = 3C0BEEC82064A3930022055C /* Stack.c */; };
		3C0BEED52064E2080022055C /* StringArrayViewController.m in Sources */ = {isa = PBXBuildFile; fileRef = 3C0BEED42064E2080022055C /* StringArrayViewController.m */; };
		3C1E6C5B213D4559002112AF /* AnimationTestViewController.m in Sources */ = {isa = PBXBuildFile; fileRef = 3C1E6C5A213D4559002112AF /* AnimationTestViewController.m */; };
		3C1F09DB2153D339005D4692 /* AppearanceViewController.m in Sources */ = {isa = PBXBuildFile; fileRef = 3C1F09DA2153D339005D4692 /* AppearanceViewController.m */; };
		3C1F09DF2153D3AC005D4692 /* CustomView.m in Sources */ = {isa = PBXBuildFile; fileRef = 3C1F09DE2153D3AC005D4692 /* CustomView.m */; };
		3C2A3CBF214F999D0071B9CE /* FZVideoSource.m in Sources */ = {isa = PBXBuildFile; fileRef = 3C2A3CBE214F999D0071B9CE /* FZVideoSource.m */; };
		3C2A3CC2214FA1A80071B9CE /* AVFoundationTestController.m in Sources */ = {isa = PBXBuildFile; fileRef = 3C2A3CC1214FA1A80071B9CE /* AVFoundationTestController.m */; };
		3C35BF9A20761E1900066B05 /* TestRuntimeForward.m in Sources */ = {isa = PBXBuildFile; fileRef = 3C35BF9920761E1900066B05 /* TestRuntimeForward.m */; };
		3C35BF9D2078738700066B05 /* TestRuntimeForward+category.m in Sources */ = {isa = PBXBuildFile; fileRef = 3C35BF9C2078738700066B05 /* TestRuntimeForward+category.m */; };
		3C35BFA020789D7100066B05 /* CategoryObj.m in Sources */ = {isa = PBXBuildFile; fileRef = 3C35BF9F20789D7100066B05 /* CategoryObj.m */; };
		3C35BFA62078B3CC00066B05 /* CategoryObj+Test2.m in Sources */ = {isa = PBXBuildFile; fileRef = 3C35BFA52078B3CC00066B05 /* CategoryObj+Test2.m */; };
		3C35BFA72078B42900066B05 /* CategoryObj+Test.m in Sources */ = {isa = PBXBuildFile; fileRef = 3C35BFA22078A02000066B05 /* CategoryObj+Test.m */; };
		3C398FCA206DE85C008BDFB3 /* FJReplayKit.m in Sources */ = {isa = PBXBuildFile; fileRef = 3C398FC9206DE85C008BDFB3 /* FJReplayKit.m */; };
		3C71C1C9211D6BEE00132B60 /* BaseTableViewController.m in Sources */ = {isa = PBXBuildFile; fileRef = 3C71C1C8211D6BEE00132B60 /* BaseTableViewController.m */; };
		3C71C1CC211D6C7000132B60 /* HtmlToPdfViewController.m in Sources */ = {isa = PBXBuildFile; fileRef = 3C71C1CB211D6C7000132B60 /* HtmlToPdfViewController.m */; };
		3C71C1D5211D6DA400132B60 /* BNHtmlPdfKit.m in Sources */ = {isa = PBXBuildFile; fileRef = 3C71C1D4211D6DA300132B60 /* BNHtmlPdfKit.m */; };
		3C71C1D8211D6FA600132B60 /* 1.html in Resources */ = {isa = PBXBuildFile; fileRef = 3C71C1D7211D6FA600132B60 /* 1.html */; };
		3C71C1E0212164F400132B60 /* NetworkRequest.m in Sources */ = {isa = PBXBuildFile; fileRef = 3C71C1DF212164F400132B60 /* NetworkRequest.m */; };
		3C71C1E321217E2D00132B60 /* NetworkRequsetTestController.m in Sources */ = {isa = PBXBuildFile; fileRef = 3C71C1E221217E2D00132B60 /* NetworkRequsetTestController.m */; };
		3C71C1E62121802E00132B60 /* APIRequest.m in Sources */ = {isa = PBXBuildFile; fileRef = 3C71C1E52121802E00132B60 /* APIRequest.m */; };
		3C71C1F32122BAEC00132B60 /* JTCalendarTestController.m in Sources */ = {isa = PBXBuildFile; fileRef = 3C71C1F22122BAEC00132B60 /* JTCalendarTestController.m */; };
		3C71C22F2122BD2B00132B60 /* NSMutableArray+NNAdd.m in Sources */ = {isa = PBXBuildFile; fileRef = 3C71C2202122BD2600132B60 /* NSMutableArray+NNAdd.m */; };
		3C71C2302122BD2B00132B60 /* UIFont+NNAdd.m in Sources */ = {isa = PBXBuildFile; fileRef = 3C71C2222122BD2600132B60 /* UIFont+NNAdd.m */; };
		3C71C2312122BD2B00132B60 /* NSArray+NNAdd.m in Sources */ = {isa = PBXBuildFile; fileRef = 3C71C2242122BD2700132B60 /* NSArray+NNAdd.m */; };
		3C71C2322122BD2B00132B60 /* NSString+NNAdd.m in Sources */ = {isa = PBXBuildFile; fileRef = 3C71C2252122BD2700132B60 /* NSString+NNAdd.m */; };
		3C71C2332122BD2B00132B60 /* NSData+NNAdd.m in Sources */ = {isa = PBXBuildFile; fileRef = 3C71C2282122BD2800132B60 /* NSData+NNAdd.m */; };
		3C71C2342122BD2B00132B60 /* UIView+NNAdd.m in Sources */ = {isa = PBXBuildFile; fileRef = 3C71C2292122BD2900132B60 /* UIView+NNAdd.m */; };
		3C71C2352122BD2B00132B60 /* NSDictionary+NNAdd.m in Sources */ = {isa = PBXBuildFile; fileRef = 3C71C22A2122BD2900132B60 /* NSDictionary+NNAdd.m */; };
		3C71C2362122BD2B00132B60 /* NSMutableDictionary+NNAdd.m in Sources */ = {isa = PBXBuildFile; fileRef = 3C71C22C2122BD2A00132B60 /* NSMutableDictionary+NNAdd.m */; };
		3C71C23C2122E57B00132B60 /* FSCalenderController.m in Sources */ = {isa = PBXBuildFile; fileRef = 3C71C23B2122E57B00132B60 /* FSCalenderController.m */; };
		3C71C2412123C4AF00132B60 /* LunarCore.m in Sources */ = {isa = PBXBuildFile; fileRef = 3C71C2402123C4AF00132B60 /* LunarCore.m */; };
		3C71C2442123CA0C00132B60 /* NNLunarCalenderManager.m in Sources */ = {isa = PBXBuildFile; fileRef = 3C71C2432123CA0C00132B60 /* NNLunarCalenderManager.m */; };
		3C71C24921241F1900132B60 /* DIYCalendarCell.m in Sources */ = {isa = PBXBuildFile; fileRef = 3C71C24821241F1900132B60 /* DIYCalendarCell.m */; };
		3C8206C72073633B009BE5A6 /* UITestTableViewController.m in Sources */ = {isa = PBXBuildFile; fileRef = 3C8206C62073633B009BE5A6 /* UITestTableViewController.m */; };
		3C8206CA207363CE009BE5A6 /* ViewTestController.m in Sources */ = {isa = PBXBuildFile; fileRef = 3C8206C9207363CE009BE5A6 /* ViewTestController.m */; };
		3C8206CE207475A8009BE5A6 /* RuntimeTestViewController.m in Sources */ = {isa = PBXBuildFile; fileRef = 3C8206CD207475A8009BE5A6 /* RuntimeTestViewController.m */; };
		3C8206D12074ACAA009BE5A6 /* Person2.m in Sources */ = {isa = PBXBuildFile; fileRef = 3C8206D02074ACAA009BE5A6 /* Person2.m */; };
		3C968A352061FE53002BAC80 /* AlgoTableViewController.m in Sources */ = {isa = PBXBuildFile; fileRef = 3C968A342061FE53002BAC80 /* AlgoTableViewController.m */; };
		3C9C37242068D85500F3ECD9 /* FunctionalViewController.m in Sources */ = {isa = PBXBuildFile; fileRef = 3C9C37232068D85500F3ECD9 /* FunctionalViewController.m */; };
		3C9C37272069EEFA00F3ECD9 /* SortViewController.m in Sources */ = {isa = PBXBuildFile; fileRef = 3C9C37262069EEFA00F3ECD9 /* SortViewController.m */; };
		3C9C372B206B2C9300F3ECD9 /* PropertyLearningController.m in Sources */ = {isa = PBXBuildFile; fileRef = 3C9C372A206B2C9300F3ECD9 /* PropertyLearningController.m */; };
		3C9C372E206B2DA200F3ECD9 /* ObjectCMainTableController.m in Sources */ = {isa = PBXBuildFile; fileRef = 3C9C372D206B2DA200F3ECD9 /* ObjectCMainTableController.m */; };
		3C9C3732206B2ECF00F3ECD9 /* CategoryViewController.m in Sources */ = {isa = PBXBuildFile; fileRef = 3C9C3731206B2ECF00F3ECD9 /* CategoryViewController.m */; };
		3C9C3735206B2F4E00F3ECD9 /* AutoreleasePoolController.m in Sources */ = {isa = PBXBuildFile; fileRef = 3C9C3734206B2F4E00F3ECD9 /* AutoreleasePoolController.m */; };
		3C9C3738206C7AD600F3ECD9 /* MRCObject.m in Sources */ = {isa = PBXBuildFile; fileRef = 3C9C3737206C7AD600F3ECD9 /* MRCObject.m */; settings = {COMPILER_FLAGS = "-fno-objc-arc"; }; };
		3C9C373B206C7AEF00F3ECD9 /* MemoryManageViewController.m in Sources */ = {isa = PBXBuildFile; fileRef = 3C9C373A206C7AEF00F3ECD9 /* MemoryManageViewController.m */; };
		3C9C373F206C7C8100F3ECD9 /* MRCTestObject.m in Sources */ = {isa = PBXBuildFile; fileRef = 3C9C373E206C7C8100F3ECD9 /* MRCTestObject.m */; settings = {COMPILER_FLAGS = "-fno-objc-arc"; }; };
		3C9C3742206C8E3500F3ECD9 /* MRCSubTestObject.m in Sources */ = {isa = PBXBuildFile; fileRef = 3C9C3741206C8E3500F3ECD9 /* MRCSubTestObject.m */; settings = {COMPILER_FLAGS = "-fno-objc-arc"; }; };
		3C9C3745206CC5D000F3ECD9 /* ARCObject.m in Sources */ = {isa = PBXBuildFile; fileRef = 3C9C3744206CC5D000F3ECD9 /* ARCObject.m */; };
		3CB721692095D010001901C3 /* CoreTextController.m in Sources */ = {isa = PBXBuildFile; fileRef = 3CB721682095D010001901C3 /* CoreTextController.m */; };
		3CB7216C2095D054001901C3 /* CTDisplayView.m in Sources */ = {isa = PBXBuildFile; fileRef = 3CB7216B2095D054001901C3 /* CTDisplayView.m */; };
		3CCB058820590F7700AF6760 /* AppDelegate.m in Sources */ = {isa = PBXBuildFile; fileRef = 3CCB058720590F7700AF6760 /* AppDelegate.m */; };
		3CCB058E20590F7700AF6760 /* Main.storyboard in Resources */ = {isa = PBXBuildFile; fileRef = 3CCB058C20590F7700AF6760 /* Main.storyboard */; };
		3CCB059020590F7700AF6760 /* Assets.xcassets in Resources */ = {isa = PBXBuildFile; fileRef = 3CCB058F20590F7700AF6760 /* Assets.xcassets */; };
		3CCB059320590F7700AF6760 /* LaunchScreen.storyboard in Resources */ = {isa = PBXBuildFile; fileRef = 3CCB059120590F7700AF6760 /* LaunchScreen.storyboard */; };
		3CCB059620590F7700AF6760 /* main.m in Sources */ = {isa = PBXBuildFile; fileRef = 3CCB059520590F7700AF6760 /* main.m */; };
		3CCB059E2059142200AF6760 /* MainTableViewController.m in Sources */ = {isa = PBXBuildFile; fileRef = 3CCB059D2059142200AF6760 /* MainTableViewController.m */; };
		3CCB05A32059153B00AF6760 /* ThreadTableViewController.m in Sources */ = {isa = PBXBuildFile; fileRef = 3CCB05A22059153B00AF6760 /* ThreadTableViewController.m */; };
		3CCB05A62059182600AF6760 /* UIViewController+Push.m in Sources */ = {isa = PBXBuildFile; fileRef = 3CCB05A52059182600AF6760 /* UIViewController+Push.m */; };
		3CCB05AA2059198100AF6760 /* GCDViewController.m in Sources */ = {isa = PBXBuildFile; fileRef = 3CCB05A92059198100AF6760 /* GCDViewController.m */; };
		3CCB05AE205A5B8000AF6760 /* ObjectiveCTableViewController.m in Sources */ = {isa = PBXBuildFile; fileRef = 3CCB05AD205A5B8000AF6760 /* ObjectiveCTableViewController.m */; };
		3CDC807F20676A2C00D3AEEB /* PointerViewController.m in Sources */ = {isa = PBXBuildFile; fileRef = 3CDC807E20676A2C00D3AEEB /* PointerViewController.m */; };
		3CDDB29B212BE3B40047BFAB /* ColletionInScrollController.m in Sources */ = {isa = PBXBuildFile; fileRef = 3CDDB29A212BE3B40047BFAB /* ColletionInScrollController.m */; };
		3CDDB2B1212D3CCF0047BFAB /* VSFilterGroupSelector.m in Sources */ = {isa = PBXBuildFile; fileRef = 3CDDB2A5212D3CCF0047BFAB /* VSFilterGroupSelector.m */; };
		3CDDB2B2212D3CCF0047BFAB /* VSGroupSelector.m in Sources */ = {isa = PBXBuildFile; fileRef = 3CDDB2A7212D3CCF0047BFAB /* VSGroupSelector.m */; };
		3CDDB2B3212D3CCF0047BFAB /* VSGroupSelectorBaseCollectionView.m in Sources */ = {isa = PBXBuildFile; fileRef = 3CDDB2A9212D3CCF0047BFAB /* VSGroupSelectorBaseCollectionView.m */; };
		3CDDB2B4212D3CCF0047BFAB /* VSGroupSelectorContainer.m in Sources */ = {isa = PBXBuildFile; fileRef = 3CDDB2AB212D3CCF0047BFAB /* VSGroupSelectorContainer.m */; };
		3CDDB2B5212D3CCF0047BFAB /* VSBeautyGroupSelector.m in Sources */ = {isa = PBXBuildFile; fileRef = 3CDDB2AD212D3CCF0047BFAB /* VSBeautyGroupSelector.m */; };
		3CDDB2B6212D3CCF0047BFAB /* VSGroupSelectorHeader.m in Sources */ = {isa = PBXBuildFile; fileRef = 3CDDB2B0212D3CCF0047BFAB /* VSGroupSelectorHeader.m */; };
		3CDDB2BA212D445B0047BFAB /* GroupSelectorTestViewController.m in Sources */ = {isa = PBXBuildFile; fileRef = 3CDDB2B9212D445B0047BFAB /* GroupSelectorTestViewController.m */; };
		517680A87E52F3B371329E40 /* libPods-iOSLearnigDemo.a in Frameworks */ = {isa = PBXBuildFile; fileRef = 8230C408191D4CE3E976186D /* libPods-iOSLearnigDemo.a */; };
/* End PBXBuildFile section */

/* Begin PBXFileReference section */
		3C03E21721354C7500900A65 /* Header.h */ = {isa = PBXFileReference; lastKnownFileType = sourcecode.c.h; path = Header.h; sourceTree = "<group>"; };
		3C03E21821354C7500900A65 /* Header.m */ = {isa = PBXFileReference; lastKnownFileType = sourcecode.c.objc; path = Header.m; sourceTree = "<group>"; };
		3C03E21A21354EF800900A65 /* HeaderCollectionViewCell.h */ = {isa = PBXFileReference; lastKnownFileType = sourcecode.c.h; path = HeaderCollectionViewCell.h; sourceTree = "<group>"; };
		3C03E21B21354EF800900A65 /* HeaderCollectionViewCell.m */ = {isa = PBXFileReference; lastKnownFileType = sourcecode.c.objc; path = HeaderCollectionViewCell.m; sourceTree = "<group>"; };
		3C03E21D213558B400900A65 /* CustomFlowLayout.h */ = {isa = PBXFileReference; lastKnownFileType = sourcecode.c.h; path = CustomFlowLayout.h; sourceTree = "<group>"; };
		3C03E21E213558B400900A65 /* CustomFlowLayout.m */ = {isa = PBXFileReference; lastKnownFileType = sourcecode.c.objc; path = CustomFlowLayout.m; sourceTree = "<group>"; };
		3C03E22021355F9F00900A65 /* FlowLayoutTestController.h */ = {isa = PBXFileReference; lastKnownFileType = sourcecode.c.h; path = FlowLayoutTestController.h; sourceTree = "<group>"; };
		3C03E22121355F9F00900A65 /* FlowLayoutTestController.m */ = {isa = PBXFileReference; lastKnownFileType = sourcecode.c.objc; path = FlowLayoutTestController.m; sourceTree = "<group>"; };
		3C0BEEC0206232B30022055C /* Person.h */ = {isa = PBXFileReference; lastKnownFileType = sourcecode.c.h; path = Person.h; sourceTree = "<group>"; };
		3C0BEEC1206232B30022055C /* Person.m */ = {isa = PBXFileReference; lastKnownFileType = sourcecode.c.objc; path = Person.m; sourceTree = "<group>"; };
		3C0BEEC320649D950022055C /* LinkListViewController.h */ = {isa = PBXFileReference; lastKnownFileType = sourcecode.c.h; path = LinkListViewController.h; sourceTree = "<group>"; };
		3C0BEEC420649D950022055C /* LinkListViewController.m */ = {isa = PBXFileReference; lastKnownFileType = sourcecode.c.objc; path = LinkListViewController.m; sourceTree = "<group>"; };
		3C0BEEC72064A3930022055C /* Stack.h */ = {isa = PBXFileReference; lastKnownFileType = sourcecode.c.h; path = Stack.h; sourceTree = "<group>"; };
		3C0BEEC82064A3930022055C /* Stack.c */ = {isa = PBXFileReference; lastKnownFileType = sourcecode.c.c; path = Stack.c; sourceTree = "<group>"; };
		3C0BEECD2064A3D40022055C /* ListNode.h */ = {isa = PBXFileReference; lastKnownFileType = sourcecode.c.h; path = ListNode.h; sourceTree = "<group>"; };
		3C0BEECE2064A3D40022055C /* ListNode.c */ = {isa = PBXFileReference; lastKnownFileType = sourcecode.c.c; path = ListNode.c; sourceTree = "<group>"; };
		3C0BEED32064E2080022055C /* StringArrayViewController.h */ = {isa = PBXFileReference; lastKnownFileType = sourcecode.c.h; path = StringArrayViewController.h; sourceTree = "<group>"; };
		3C0BEED42064E2080022055C /* StringArrayViewController.m */ = {isa = PBXFileReference; lastKnownFileType = sourcecode.c.objc; path = StringArrayViewController.m; sourceTree = "<group>"; };
		3C1E6C59213D4559002112AF /* AnimationTestViewController.h */ = {isa = PBXFileReference; lastKnownFileType = sourcecode.c.h; path = AnimationTestViewController.h; sourceTree = "<group>"; };
		3C1E6C5A213D4559002112AF /* AnimationTestViewController.m */ = {isa = PBXFileReference; lastKnownFileType = sourcecode.c.objc; path = AnimationTestViewController.m; sourceTree = "<group>"; };
		3C1F09D92153D339005D4692 /* AppearanceViewController.h */ = {isa = PBXFileReference; lastKnownFileType = sourcecode.c.h; path = AppearanceViewController.h; sourceTree = "<group>"; };
		3C1F09DA2153D339005D4692 /* AppearanceViewController.m */ = {isa = PBXFileReference; lastKnownFileType = sourcecode.c.objc; path = AppearanceViewController.m; sourceTree = "<group>"; };
		3C1F09DD2153D3AC005D4692 /* CustomView.h */ = {isa = PBXFileReference; lastKnownFileType = sourcecode.c.h; path = CustomView.h; sourceTree = "<group>"; };
		3C1F09DE2153D3AC005D4692 /* CustomView.m */ = {isa = PBXFileReference; lastKnownFileType = sourcecode.c.objc; path = CustomView.m; sourceTree = "<group>"; };
		3C29803D2088C06800AFA2A4 /* MyWindow.m */ = {isa = PBXFileReference; lastKnownFileType = sourcecode.c.objc; path = MyWindow.m; sourceTree = "<group>"; };
		3C2980402088C0B000AFA2A4 /* ParentView.m */ = {isa = PBXFileReference; lastKnownFileType = sourcecode.c.objc; path = ParentView.m; sourceTree = "<group>"; };
		3C2980432088C0BF00AFA2A4 /* childView.m */ = {isa = PBXFileReference; lastKnownFileType = sourcecode.c.objc; path = childView.m; sourceTree = "<group>"; };
		3C2A3CBD214F999D0071B9CE /* FZVideoSource.h */ = {isa = PBXFileReference; lastKnownFileType = sourcecode.c.h; path = FZVideoSource.h; sourceTree = "<group>"; };
		3C2A3CBE214F999D0071B9CE /* FZVideoSource.m */ = {isa = PBXFileReference; lastKnownFileType = sourcecode.c.objc; path = FZVideoSource.m; sourceTree = "<group>"; };
		3C2A3CC0214FA1A80071B9CE /* AVFoundationTestController.h */ = {isa = PBXFileReference; lastKnownFileType = sourcecode.c.h; path = AVFoundationTestController.h; sourceTree = "<group>"; };
		3C2A3CC1214FA1A80071B9CE /* AVFoundationTestController.m */ = {isa = PBXFileReference; lastKnownFileType = sourcecode.c.objc; path = AVFoundationTestController.m; sourceTree = "<group>"; };
		3C35BF9820761E1900066B05 /* TestRuntimeForward.h */ = {isa = PBXFileReference; lastKnownFileType = sourcecode.c.h; path = TestRuntimeForward.h; sourceTree = "<group>"; };
		3C35BF9920761E1900066B05 /* TestRuntimeForward.m */ = {isa = PBXFileReference; lastKnownFileType = sourcecode.c.objc; path = TestRuntimeForward.m; sourceTree = "<group>"; };
		3C35BF9B2078738700066B05 /* TestRuntimeForward+category.h */ = {isa = PBXFileReference; lastKnownFileType = sourcecode.c.h; path = "TestRuntimeForward+category.h"; sourceTree = "<group>"; };
		3C35BF9C2078738700066B05 /* TestRuntimeForward+category.m */ = {isa = PBXFileReference; lastKnownFileType = sourcecode.c.objc; path = "TestRuntimeForward+category.m"; sourceTree = "<group>"; };
		3C35BF9E20789D7100066B05 /* CategoryObj.h */ = {isa = PBXFileReference; lastKnownFileType = sourcecode.c.h; path = CategoryObj.h; sourceTree = "<group>"; };
		3C35BF9F20789D7100066B05 /* CategoryObj.m */ = {isa = PBXFileReference; lastKnownFileType = sourcecode.c.objc; path = CategoryObj.m; sourceTree = "<group>"; };
		3C35BFA12078A02000066B05 /* CategoryObj+Test.h */ = {isa = PBXFileReference; lastKnownFileType = sourcecode.c.h; path = "CategoryObj+Test.h"; sourceTree = "<group>"; };
		3C35BFA22078A02000066B05 /* CategoryObj+Test.m */ = {isa = PBXFileReference; lastKnownFileType = sourcecode.c.objc; path = "CategoryObj+Test.m"; sourceTree = "<group>"; };
		3C35BFA42078B3CC00066B05 /* CategoryObj+Test2.h */ = {isa = PBXFileReference; lastKnownFileType = sourcecode.c.h; path = "CategoryObj+Test2.h"; sourceTree = "<group>"; };
		3C35BFA52078B3CC00066B05 /* CategoryObj+Test2.m */ = {isa = PBXFileReference; lastKnownFileType = sourcecode.c.objc; path = "CategoryObj+Test2.m"; sourceTree = "<group>"; };
		3C398FC8206DE85C008BDFB3 /* FJReplayKit.h */ = {isa = PBXFileReference; lastKnownFileType = sourcecode.c.h; path = FJReplayKit.h; sourceTree = "<group>"; };
		3C398FC9206DE85C008BDFB3 /* FJReplayKit.m */ = {isa = PBXFileReference; lastKnownFileType = sourcecode.c.objc; path = FJReplayKit.m; sourceTree = "<group>"; };
		3C71C1C7211D6BEE00132B60 /* BaseTableViewController.h */ = {isa = PBXFileReference; lastKnownFileType = sourcecode.c.h; path = BaseTableViewController.h; sourceTree = "<group>"; };
		3C71C1C8211D6BEE00132B60 /* BaseTableViewController.m */ = {isa = PBXFileReference; lastKnownFileType = sourcecode.c.objc; path = BaseTableViewController.m; sourceTree = "<group>"; };
		3C71C1CA211D6C7000132B60 /* HtmlToPdfViewController.h */ = {isa = PBXFileReference; lastKnownFileType = sourcecode.c.h; path = HtmlToPdfViewController.h; sourceTree = "<group>"; };
		3C71C1CB211D6C7000132B60 /* HtmlToPdfViewController.m */ = {isa = PBXFileReference; lastKnownFileType = sourcecode.c.objc; path = HtmlToPdfViewController.m; sourceTree = "<group>"; };
		3C71C1D3211D6DA300132B60 /* BNHtmlPdfKit.h */ = {isa = PBXFileReference; fileEncoding = 4; lastKnownFileType = sourcecode.c.h; path = BNHtmlPdfKit.h; sourceTree = "<group>"; };
		3C71C1D4211D6DA300132B60 /* BNHtmlPdfKit.m */ = {isa = PBXFileReference; fileEncoding = 4; lastKnownFileType = sourcecode.c.objc; path = BNHtmlPdfKit.m; sourceTree = "<group>"; };
		3C71C1D7211D6FA600132B60 /* 1.html */ = {isa = PBXFileReference; fileEncoding = 4; lastKnownFileType = text.html; path = 1.html; sourceTree = "<group>"; };
		3C71C1DE212164F400132B60 /* NetworkRequest.h */ = {isa = PBXFileReference; lastKnownFileType = sourcecode.c.h; path = NetworkRequest.h; sourceTree = "<group>"; };
		3C71C1DF212164F400132B60 /* NetworkRequest.m */ = {isa = PBXFileReference; lastKnownFileType = sourcecode.c.objc; path = NetworkRequest.m; sourceTree = "<group>"; };
		3C71C1E121217E2D00132B60 /* NetworkRequsetTestController.h */ = {isa = PBXFileReference; lastKnownFileType = sourcecode.c.h; path = NetworkRequsetTestController.h; sourceTree = "<group>"; };
		3C71C1E221217E2D00132B60 /* NetworkRequsetTestController.m */ = {isa = PBXFileReference; lastKnownFileType = sourcecode.c.objc; path = NetworkRequsetTestController.m; sourceTree = "<group>"; };
		3C71C1E42121802E00132B60 /* APIRequest.h */ = {isa = PBXFileReference; lastKnownFileType = sourcecode.c.h; path = APIRequest.h; sourceTree = "<group>"; };
		3C71C1E52121802E00132B60 /* APIRequest.m */ = {isa = PBXFileReference; lastKnownFileType = sourcecode.c.objc; path = APIRequest.m; sourceTree = "<group>"; };
		3C71C1F12122BAEC00132B60 /* JTCalendarTestController.h */ = {isa = PBXFileReference; lastKnownFileType = sourcecode.c.h; path = JTCalendarTestController.h; sourceTree = "<group>"; };
		3C71C1F22122BAEC00132B60 /* JTCalendarTestController.m */ = {isa = PBXFileReference; lastKnownFileType = sourcecode.c.objc; path = JTCalendarTestController.m; sourceTree = "<group>"; };
		3C71C21F2122BD2500132B60 /* NSMutableArray+NNAdd.h */ = {isa = PBXFileReference; fileEncoding = 4; lastKnownFileType = sourcecode.c.h; path = "NSMutableArray+NNAdd.h"; sourceTree = "<group>"; };
		3C71C2202122BD2600132B60 /* NSMutableArray+NNAdd.m */ = {isa = PBXFileReference; fileEncoding = 4; lastKnownFileType = sourcecode.c.objc; path = "NSMutableArray+NNAdd.m"; sourceTree = "<group>"; };
		3C71C2212122BD2600132B60 /* NSDictionary+NNAdd.h */ = {isa = PBXFileReference; fileEncoding = 4; lastKnownFileType = sourcecode.c.h; path = "NSDictionary+NNAdd.h"; sourceTree = "<group>"; };
		3C71C2222122BD2600132B60 /* UIFont+NNAdd.m */ = {isa = PBXFileReference; fileEncoding = 4; lastKnownFileType = sourcecode.c.objc; path = "UIFont+NNAdd.m"; sourceTree = "<group>"; };
		3C71C2232122BD2700132B60 /* NSString+NNAdd.h */ = {isa = PBXFileReference; fileEncoding = 4; lastKnownFileType = sourcecode.c.h; path = "NSString+NNAdd.h"; sourceTree = "<group>"; };
		3C71C2242122BD2700132B60 /* NSArray+NNAdd.m */ = {isa = PBXFileReference; fileEncoding = 4; lastKnownFileType = sourcecode.c.objc; path = "NSArray+NNAdd.m"; sourceTree = "<group>"; };
		3C71C2252122BD2700132B60 /* NSString+NNAdd.m */ = {isa = PBXFileReference; fileEncoding = 4; lastKnownFileType = sourcecode.c.objc; path = "NSString+NNAdd.m"; sourceTree = "<group>"; };
		3C71C2262122BD2800132B60 /* NSArray+NNAdd.h */ = {isa = PBXFileReference; fileEncoding = 4; lastKnownFileType = sourcecode.c.h; path = "NSArray+NNAdd.h"; sourceTree = "<group>"; };
		3C71C2272122BD2800132B60 /* NSMutableDictionary+NNAdd.h */ = {isa = PBXFileReference; fileEncoding = 4; lastKnownFileType = sourcecode.c.h; path = "NSMutableDictionary+NNAdd.h"; sourceTree = "<group>"; };
		3C71C2282122BD2800132B60 /* NSData+NNAdd.m */ = {isa = PBXFileReference; fileEncoding = 4; lastKnownFileType = sourcecode.c.objc; path = "NSData+NNAdd.m"; sourceTree = "<group>"; };
		3C71C2292122BD2900132B60 /* UIView+NNAdd.m */ = {isa = PBXFileReference; fileEncoding = 4; lastKnownFileType = sourcecode.c.objc; path = "UIView+NNAdd.m"; sourceTree = "<group>"; };
		3C71C22A2122BD2900132B60 /* NSDictionary+NNAdd.m */ = {isa = PBXFileReference; fileEncoding = 4; lastKnownFileType = sourcecode.c.objc; path = "NSDictionary+NNAdd.m"; sourceTree = "<group>"; };
		3C71C22B2122BD2900132B60 /* UIFont+NNAdd.h */ = {isa = PBXFileReference; fileEncoding = 4; lastKnownFileType = sourcecode.c.h; path = "UIFont+NNAdd.h"; sourceTree = "<group>"; };
		3C71C22C2122BD2A00132B60 /* NSMutableDictionary+NNAdd.m */ = {isa = PBXFileReference; fileEncoding = 4; lastKnownFileType = sourcecode.c.objc; path = "NSMutableDictionary+NNAdd.m"; sourceTree = "<group>"; };
		3C71C22D2122BD2A00132B60 /* UIView+NNAdd.h */ = {isa = PBXFileReference; fileEncoding = 4; lastKnownFileType = sourcecode.c.h; path = "UIView+NNAdd.h"; sourceTree = "<group>"; };
		3C71C22E2122BD2A00132B60 /* NSData+NNAdd.h */ = {isa = PBXFileReference; fileEncoding = 4; lastKnownFileType = sourcecode.c.h; path = "NSData+NNAdd.h"; sourceTree = "<group>"; };
		3C71C23A2122E57B00132B60 /* FSCalenderController.h */ = {isa = PBXFileReference; lastKnownFileType = sourcecode.c.h; path = FSCalenderController.h; sourceTree = "<group>"; };
		3C71C23B2122E57B00132B60 /* FSCalenderController.m */ = {isa = PBXFileReference; lastKnownFileType = sourcecode.c.objc; path = FSCalenderController.m; sourceTree = "<group>"; };
		3C71C23F2123C4AF00132B60 /* LunarCore.h */ = {isa = PBXFileReference; fileEncoding = 4; lastKnownFileType = sourcecode.c.h; path = LunarCore.h; sourceTree = "<group>"; };
		3C71C2402123C4AF00132B60 /* LunarCore.m */ = {isa = PBXFileReference; fileEncoding = 4; lastKnownFileType = sourcecode.c.objc; path = LunarCore.m; sourceTree = "<group>"; };
		3C71C2422123CA0C00132B60 /* NNLunarCalenderManager.h */ = {isa = PBXFileReference; lastKnownFileType = sourcecode.c.h; path = NNLunarCalenderManager.h; sourceTree = "<group>"; };
		3C71C2432123CA0C00132B60 /* NNLunarCalenderManager.m */ = {isa = PBXFileReference; lastKnownFileType = sourcecode.c.objc; path = NNLunarCalenderManager.m; sourceTree = "<group>"; };
		3C71C2452123D2A900132B60 /* zh-Hans */ = {isa = PBXFileReference; lastKnownFileType = text.plist.strings; name = "zh-Hans"; path = "zh-Hans.lproj/Main.strings"; sourceTree = "<group>"; };
		3C71C2462123D2A900132B60 /* zh-Hans */ = {isa = PBXFileReference; lastKnownFileType = text.plist.strings; name = "zh-Hans"; path = "zh-Hans.lproj/LaunchScreen.strings"; sourceTree = "<group>"; };
		3C71C24721241F1900132B60 /* DIYCalendarCell.h */ = {isa = PBXFileReference; lastKnownFileType = sourcecode.c.h; path = DIYCalendarCell.h; sourceTree = "<group>"; };
		3C71C24821241F1900132B60 /* DIYCalendarCell.m */ = {isa = PBXFileReference; lastKnownFileType = sourcecode.c.objc; path = DIYCalendarCell.m; sourceTree = "<group>"; };
		3C8206C52073633B009BE5A6 /* UITestTableViewController.h */ = {isa = PBXFileReference; lastKnownFileType = sourcecode.c.h; path = UITestTableViewController.h; sourceTree = "<group>"; };
		3C8206C62073633B009BE5A6 /* UITestTableViewController.m */ = {isa = PBXFileReference; lastKnownFileType = sourcecode.c.objc; path = UITestTableViewController.m; sourceTree = "<group>"; };
		3C8206C8207363CE009BE5A6 /* ViewTestController.h */ = {isa = PBXFileReference; lastKnownFileType = sourcecode.c.h; path = ViewTestController.h; sourceTree = "<group>"; };
		3C8206C9207363CE009BE5A6 /* ViewTestController.m */ = {isa = PBXFileReference; lastKnownFileType = sourcecode.c.objc; path = ViewTestController.m; sourceTree = "<group>"; };
		3C8206CC207475A8009BE5A6 /* RuntimeTestViewController.h */ = {isa = PBXFileReference; lastKnownFileType = sourcecode.c.h; path = RuntimeTestViewController.h; sourceTree = "<group>"; };
		3C8206CD207475A8009BE5A6 /* RuntimeTestViewController.m */ = {isa = PBXFileReference; lastKnownFileType = sourcecode.c.objc; path = RuntimeTestViewController.m; sourceTree = "<group>"; };
		3C8206CF2074ACAA009BE5A6 /* Person2.h */ = {isa = PBXFileReference; lastKnownFileType = sourcecode.c.h; path = Person2.h; sourceTree = "<group>"; };
		3C8206D02074ACAA009BE5A6 /* Person2.m */ = {isa = PBXFileReference; lastKnownFileType = sourcecode.c.objc; path = Person2.m; sourceTree = "<group>"; };
		3C968A1C205A74B6002BAC80 /* blockTest.h */ = {isa = PBXFileReference; lastKnownFileType = sourcecode.c.h; path = blockTest.h; sourceTree = "<group>"; };
		3C968A1D205A74E2002BAC80 /* blockTest.cpp */ = {isa = PBXFileReference; fileEncoding = 4; lastKnownFileType = sourcecode.cpp.cpp; path = blockTest.cpp; sourceTree = "<group>"; };
		3C968A332061FE53002BAC80 /* AlgoTableViewController.h */ = {isa = PBXFileReference; lastKnownFileType = sourcecode.c.h; path = AlgoTableViewController.h; sourceTree = "<group>"; };
		3C968A342061FE53002BAC80 /* AlgoTableViewController.m */ = {isa = PBXFileReference; lastKnownFileType = sourcecode.c.objc; path = AlgoTableViewController.m; sourceTree = "<group>"; };
		3C9C37222068D85500F3ECD9 /* FunctionalViewController.h */ = {isa = PBXFileReference; lastKnownFileType = sourcecode.c.h; path = FunctionalViewController.h; sourceTree = "<group>"; };
		3C9C37232068D85500F3ECD9 /* FunctionalViewController.m */ = {isa = PBXFileReference; lastKnownFileType = sourcecode.c.objc; path = FunctionalViewController.m; sourceTree = "<group>"; };
		3C9C37252069EEFA00F3ECD9 /* SortViewController.h */ = {isa = PBXFileReference; lastKnownFileType = sourcecode.c.h; path = SortViewController.h; sourceTree = "<group>"; };
		3C9C37262069EEFA00F3ECD9 /* SortViewController.m */ = {isa = PBXFileReference; lastKnownFileType = sourcecode.c.objc; path = SortViewController.m; sourceTree = "<group>"; };
		3C9C3729206B2C9300F3ECD9 /* PropertyLearningController.h */ = {isa = PBXFileReference; lastKnownFileType = sourcecode.c.h; path = PropertyLearningController.h; sourceTree = "<group>"; };
		3C9C372A206B2C9300F3ECD9 /* PropertyLearningController.m */ = {isa = PBXFileReference; lastKnownFileType = sourcecode.c.objc; path = PropertyLearningController.m; sourceTree = "<group>"; };
		3C9C372C206B2DA200F3ECD9 /* ObjectCMainTableController.h */ = {isa = PBXFileReference; lastKnownFileType = sourcecode.c.h; path = ObjectCMainTableController.h; sourceTree = "<group>"; };
		3C9C372D206B2DA200F3ECD9 /* ObjectCMainTableController.m */ = {isa = PBXFileReference; lastKnownFileType = sourcecode.c.objc; path = ObjectCMainTableController.m; sourceTree = "<group>"; };
		3C9C3730206B2ECF00F3ECD9 /* CategoryViewController.h */ = {isa = PBXFileReference; lastKnownFileType = sourcecode.c.h; path = CategoryViewController.h; sourceTree = "<group>"; };
		3C9C3731206B2ECF00F3ECD9 /* CategoryViewController.m */ = {isa = PBXFileReference; lastKnownFileType = sourcecode.c.objc; path = CategoryViewController.m; sourceTree = "<group>"; };
		3C9C3733206B2F4E00F3ECD9 /* AutoreleasePoolController.h */ = {isa = PBXFileReference; lastKnownFileType = sourcecode.c.h; path = AutoreleasePoolController.h; sourceTree = "<group>"; };
		3C9C3734206B2F4E00F3ECD9 /* AutoreleasePoolController.m */ = {isa = PBXFileReference; lastKnownFileType = sourcecode.c.objc; path = AutoreleasePoolController.m; sourceTree = "<group>"; };
		3C9C3736206C7AD600F3ECD9 /* MRCObject.h */ = {isa = PBXFileReference; lastKnownFileType = sourcecode.c.h; path = MRCObject.h; sourceTree = "<group>"; };
		3C9C3737206C7AD600F3ECD9 /* MRCObject.m */ = {isa = PBXFileReference; lastKnownFileType = sourcecode.c.objc; path = MRCObject.m; sourceTree = "<group>"; };
		3C9C3739206C7AEF00F3ECD9 /* MemoryManageViewController.h */ = {isa = PBXFileReference; lastKnownFileType = sourcecode.c.h; path = MemoryManageViewController.h; sourceTree = "<group>"; };
		3C9C373A206C7AEF00F3ECD9 /* MemoryManageViewController.m */ = {isa = PBXFileReference; lastKnownFileType = sourcecode.c.objc; path = MemoryManageViewController.m; sourceTree = "<group>"; };
		3C9C373D206C7C8100F3ECD9 /* MRCTestObject.h */ = {isa = PBXFileReference; lastKnownFileType = sourcecode.c.h; path = MRCTestObject.h; sourceTree = "<group>"; };
		3C9C373E206C7C8100F3ECD9 /* MRCTestObject.m */ = {isa = PBXFileReference; lastKnownFileType = sourcecode.c.objc; path = MRCTestObject.m; sourceTree = "<group>"; };
		3C9C3740206C8E3500F3ECD9 /* MRCSubTestObject.h */ = {isa = PBXFileReference; lastKnownFileType = sourcecode.c.h; path = MRCSubTestObject.h; sourceTree = "<group>"; };
		3C9C3741206C8E3500F3ECD9 /* MRCSubTestObject.m */ = {isa = PBXFileReference; lastKnownFileType = sourcecode.c.objc; path = MRCSubTestObject.m; sourceTree = "<group>"; };
		3C9C3743206CC5D000F3ECD9 /* ARCObject.h */ = {isa = PBXFileReference; lastKnownFileType = sourcecode.c.h; path = ARCObject.h; sourceTree = "<group>"; };
		3C9C3744206CC5D000F3ECD9 /* ARCObject.m */ = {isa = PBXFileReference; lastKnownFileType = sourcecode.c.objc; path = ARCObject.m; sourceTree = "<group>"; };
		3CB721672095D010001901C3 /* CoreTextController.h */ = {isa = PBXFileReference; lastKnownFileType = sourcecode.c.h; path = CoreTextController.h; sourceTree = "<group>"; };
		3CB721682095D010001901C3 /* CoreTextController.m */ = {isa = PBXFileReference; lastKnownFileType = sourcecode.c.objc; path = CoreTextController.m; sourceTree = "<group>"; };
		3CB7216A2095D054001901C3 /* CTDisplayView.h */ = {isa = PBXFileReference; lastKnownFileType = sourcecode.c.h; path = CTDisplayView.h; sourceTree = "<group>"; };
		3CB7216B2095D054001901C3 /* CTDisplayView.m */ = {isa = PBXFileReference; lastKnownFileType = sourcecode.c.objc; path = CTDisplayView.m; sourceTree = "<group>"; };
		3CCB058320590F7700AF6760 /* iOSLearnigDemo.app */ = {isa = PBXFileReference; explicitFileType = wrapper.application; includeInIndex = 0; path = iOSLearnigDemo.app; sourceTree = BUILT_PRODUCTS_DIR; };
		3CCB058620590F7700AF6760 /* AppDelegate.h */ = {isa = PBXFileReference; lastKnownFileType = sourcecode.c.h; path = AppDelegate.h; sourceTree = "<group>"; };
		3CCB058720590F7700AF6760 /* AppDelegate.m */ = {isa = PBXFileReference; lastKnownFileType = sourcecode.c.objc; path = AppDelegate.m; sourceTree = "<group>"; };
		3CCB058D20590F7700AF6760 /* Base */ = {isa = PBXFileReference; lastKnownFileType = file.storyboard; name = Base; path = Base.lproj/Main.storyboard; sourceTree = "<group>"; };
		3CCB058F20590F7700AF6760 /* Assets.xcassets */ = {isa = PBXFileReference; lastKnownFileType = folder.assetcatalog; path = Assets.xcassets; sourceTree = "<group>"; };
		3CCB059220590F7700AF6760 /* Base */ = {isa = PBXFileReference; lastKnownFileType = file.storyboard; name = Base; path = Base.lproj/LaunchScreen.storyboard; sourceTree = "<group>"; };
		3CCB059420590F7700AF6760 /* Info.plist */ = {isa = PBXFileReference; lastKnownFileType = text.plist.xml; path = Info.plist; sourceTree = "<group>"; };
		3CCB059520590F7700AF6760 /* main.m */ = {isa = PBXFileReference; lastKnownFileType = sourcecode.c.objc; path = main.m; sourceTree = "<group>"; };
		3CCB059C2059142200AF6760 /* MainTableViewController.h */ = {isa = PBXFileReference; lastKnownFileType = sourcecode.c.h; path = MainTableViewController.h; sourceTree = "<group>"; };
		3CCB059D2059142200AF6760 /* MainTableViewController.m */ = {isa = PBXFileReference; lastKnownFileType = sourcecode.c.objc; path = MainTableViewController.m; sourceTree = "<group>"; };
		3CCB05A12059153B00AF6760 /* ThreadTableViewController.h */ = {isa = PBXFileReference; lastKnownFileType = sourcecode.c.h; path = ThreadTableViewController.h; sourceTree = "<group>"; };
		3CCB05A22059153B00AF6760 /* ThreadTableViewController.m */ = {isa = PBXFileReference; lastKnownFileType = sourcecode.c.objc; path = ThreadTableViewController.m; sourceTree = "<group>"; };
		3CCB05A42059182600AF6760 /* UIViewController+Push.h */ = {isa = PBXFileReference; lastKnownFileType = sourcecode.c.h; path = "UIViewController+Push.h"; sourceTree = "<group>"; };
		3CCB05A52059182600AF6760 /* UIViewController+Push.m */ = {isa = PBXFileReference; lastKnownFileType = sourcecode.c.objc; path = "UIViewController+Push.m"; sourceTree = "<group>"; };
		3CCB05A72059189A00AF6760 /* iOSLearningDemo.pch */ = {isa = PBXFileReference; lastKnownFileType = sourcecode.c.h; path = iOSLearningDemo.pch; sourceTree = "<group>"; };
		3CCB05A82059198100AF6760 /* GCDViewController.h */ = {isa = PBXFileReference; lastKnownFileType = sourcecode.c.h; path = GCDViewController.h; sourceTree = "<group>"; };
		3CCB05A92059198100AF6760 /* GCDViewController.m */ = {isa = PBXFileReference; lastKnownFileType = sourcecode.c.objc; path = GCDViewController.m; sourceTree = "<group>"; };
		3CCB05AC205A5B8000AF6760 /* ObjectiveCTableViewController.h */ = {isa = PBXFileReference; lastKnownFileType = sourcecode.c.h; path = ObjectiveCTableViewController.h; sourceTree = "<group>"; };
		3CCB05AD205A5B8000AF6760 /* ObjectiveCTableViewController.m */ = {isa = PBXFileReference; lastKnownFileType = sourcecode.c.objc; path = ObjectiveCTableViewController.m; sourceTree = "<group>"; };
		3CCB05B3205A701D00AF6760 /* blockTest.c */ = {isa = PBXFileReference; lastKnownFileType = sourcecode.c.c; path = blockTest.c; sourceTree = "<group>"; };
		3CCB05B5205A703B00AF6760 /* blockTest_block.cpp */ = {isa = PBXFileReference; fileEncoding = 4; lastKnownFileType = sourcecode.cpp.cpp; name = blockTest_block.cpp; path = iOSLearnigDemo/blockTest_block.cpp; sourceTree = SOURCE_ROOT; };
		3CDC807D20676A2C00D3AEEB /* PointerViewController.h */ = {isa = PBXFileReference; lastKnownFileType = sourcecode.c.h; path = PointerViewController.h; sourceTree = "<group>"; };
		3CDC807E20676A2C00D3AEEB /* PointerViewController.m */ = {isa = PBXFileReference; lastKnownFileType = sourcecode.c.objc; path = PointerViewController.m; sourceTree = "<group>"; };
		3CDDB299212BE3B40047BFAB /* ColletionInScrollController.h */ = {isa = PBXFileReference; lastKnownFileType = sourcecode.c.h; path = ColletionInScrollController.h; sourceTree = "<group>"; };
		3CDDB29A212BE3B40047BFAB /* ColletionInScrollController.m */ = {isa = PBXFileReference; lastKnownFileType = sourcecode.c.objc; path = ColletionInScrollController.m; sourceTree = "<group>"; };
		3CDDB2A5212D3CCF0047BFAB /* VSFilterGroupSelector.m */ = {isa = PBXFileReference; fileEncoding = 4; lastKnownFileType = sourcecode.c.objc; path = VSFilterGroupSelector.m; sourceTree = "<group>"; };
		3CDDB2A6212D3CCF0047BFAB /* VSBeautyGroupSelector.h */ = {isa = PBXFileReference; fileEncoding = 4; lastKnownFileType = sourcecode.c.h; path = VSBeautyGroupSelector.h; sourceTree = "<group>"; };
		3CDDB2A7212D3CCF0047BFAB /* VSGroupSelector.m */ = {isa = PBXFileReference; fileEncoding = 4; lastKnownFileType = sourcecode.c.objc; path = VSGroupSelector.m; sourceTree = "<group>"; };
		3CDDB2A8212D3CCF0047BFAB /* VSGroupSelectorContainer.h */ = {isa = PBXFileReference; fileEncoding = 4; lastKnownFileType = sourcecode.c.h; path = VSGroupSelectorContainer.h; sourceTree = "<group>"; };
		3CDDB2A9212D3CCF0047BFAB /* VSGroupSelectorBaseCollectionView.m */ = {isa = PBXFileReference; fileEncoding = 4; lastKnownFileType = sourcecode.c.objc; path = VSGroupSelectorBaseCollectionView.m; sourceTree = "<group>"; };
		3CDDB2AA212D3CCF0047BFAB /* VSGroupSelectorHeader.h */ = {isa = PBXFileReference; fileEncoding = 4; lastKnownFileType = sourcecode.c.h; path = VSGroupSelectorHeader.h; sourceTree = "<group>"; };
		3CDDB2AB212D3CCF0047BFAB /* VSGroupSelectorContainer.m */ = {isa = PBXFileReference; fileEncoding = 4; lastKnownFileType = sourcecode.c.objc; path = VSGroupSelectorContainer.m; sourceTree = "<group>"; };
		3CDDB2AC212D3CCF0047BFAB /* VSGroupSelector.h */ = {isa = PBXFileReference; fileEncoding = 4; lastKnownFileType = sourcecode.c.h; path = VSGroupSelector.h; sourceTree = "<group>"; };
		3CDDB2AD212D3CCF0047BFAB /* VSBeautyGroupSelector.m */ = {isa = PBXFileReference; fileEncoding = 4; lastKnownFileType = sourcecode.c.objc; path = VSBeautyGroupSelector.m; sourceTree = "<group>"; };
		3CDDB2AE212D3CCF0047BFAB /* VSFilterGroupSelector.h */ = {isa = PBXFileReference; fileEncoding = 4; lastKnownFileType = sourcecode.c.h; path = VSFilterGroupSelector.h; sourceTree = "<group>"; };
		3CDDB2AF212D3CCF0047BFAB /* VSGroupSelectorBaseCollectionView.h */ = {isa = PBXFileReference; fileEncoding = 4; lastKnownFileType = sourcecode.c.h; path = VSGroupSelectorBaseCollectionView.h; sourceTree = "<group>"; };
		3CDDB2B0212D3CCF0047BFAB /* VSGroupSelectorHeader.m */ = {isa = PBXFileReference; fileEncoding = 4; lastKnownFileType = sourcecode.c.objc; path = VSGroupSelectorHeader.m; sourceTree = "<group>"; };
		3CDDB2B8212D445B0047BFAB /* GroupSelectorTestViewController.h */ = {isa = PBXFileReference; lastKnownFileType = sourcecode.c.h; path = GroupSelectorTestViewController.h; sourceTree = "<group>"; };
		3CDDB2B9212D445B0047BFAB /* GroupSelectorTestViewController.m */ = {isa = PBXFileReference; lastKnownFileType = sourcecode.c.objc; path = GroupSelectorTestViewController.m; sourceTree = "<group>"; };
		8230C408191D4CE3E976186D /* libPods-iOSLearnigDemo.a */ = {isa = PBXFileReference; explicitFileType = archive.ar; includeInIndex = 0; path = "libPods-iOSLearnigDemo.a"; sourceTree = BUILT_PRODUCTS_DIR; };
		9EEAC000E3D6A472A25CE362 /* Pods-iOSLearnigDemo.release.xcconfig */ = {isa = PBXFileReference; includeInIndex = 1; lastKnownFileType = text.xcconfig; name = "Pods-iOSLearnigDemo.release.xcconfig"; path = "Pods/Target Support Files/Pods-iOSLearnigDemo/Pods-iOSLearnigDemo.release.xcconfig"; sourceTree = "<group>"; };
		D58921FDD7E4250EC4D61A75 /* Pods-iOSLearnigDemo.debug.xcconfig */ = {isa = PBXFileReference; includeInIndex = 1; lastKnownFileType = text.xcconfig; name = "Pods-iOSLearnigDemo.debug.xcconfig"; path = "Pods/Target Support Files/Pods-iOSLearnigDemo/Pods-iOSLearnigDemo.debug.xcconfig"; sourceTree = "<group>"; };
/* End PBXFileReference section */

/* Begin PBXFrameworksBuildPhase section */
		3CCB058020590F7700AF6760 /* Frameworks */ = {
			isa = PBXFrameworksBuildPhase;
			buildActionMask = 2147483647;
			files = (
				517680A87E52F3B371329E40 /* libPods-iOSLearnigDemo.a in Frameworks */,
			);
			runOnlyForDeploymentPostprocessing = 0;
		};
/* End PBXFrameworksBuildPhase section */

/* Begin PBXGroup section */
		226AFB23E662FA89C576F591 /* Frameworks */ = {
			isa = PBXGroup;
			children = (
				8230C408191D4CE3E976186D /* libPods-iOSLearnigDemo.a */,
			);
			name = Frameworks;
			sourceTree = "<group>";
		};
		3C03E21621354C1900900A65 /* DiaryNameTest */ = {
			isa = PBXGroup;
			children = (
				3C03E21721354C7500900A65 /* Header.h */,
				3C03E21821354C7500900A65 /* Header.m */,
				3C03E21A21354EF800900A65 /* HeaderCollectionViewCell.h */,
				3C03E21B21354EF800900A65 /* HeaderCollectionViewCell.m */,
				3C03E21D213558B400900A65 /* CustomFlowLayout.h */,
				3C03E21E213558B400900A65 /* CustomFlowLayout.m */,
				3C03E22021355F9F00900A65 /* FlowLayoutTestController.h */,
				3C03E22121355F9F00900A65 /* FlowLayoutTestController.m */,
			);
			path = DiaryNameTest;
			sourceTree = "<group>";
		};
		3C0BEEBF2062329F0022055C /* copyMutableCopy */ = {
			isa = PBXGroup;
			children = (
				3C0BEEC0206232B30022055C /* Person.h */,
				3C0BEEC1206232B30022055C /* Person.m */,
			);
			path = copyMutableCopy;
			sourceTree = "<group>";
		};
		3C0BEEC62064A37A0022055C /* dataStructure */ = {
			isa = PBXGroup;
			children = (
				3C0BEEC72064A3930022055C /* Stack.h */,
				3C0BEEC82064A3930022055C /* Stack.c */,
				3C0BEECD2064A3D40022055C /* ListNode.h */,
				3C0BEECE2064A3D40022055C /* ListNode.c */,
			);
			path = dataStructure;
			sourceTree = "<group>";
		};
		3C1E6C5C213D455D002112AF /* animation */ = {
			isa = PBXGroup;
			children = (
				3C1E6C59213D4559002112AF /* AnimationTestViewController.h */,
				3C1E6C5A213D4559002112AF /* AnimationTestViewController.m */,
			);
			path = animation;
			sourceTree = "<group>";
		};
		3C1F09D82153D30F005D4692 /* Appearance */ = {
			isa = PBXGroup;
			children = (
				3C1F09D92153D339005D4692 /* AppearanceViewController.h */,
				3C1F09DA2153D339005D4692 /* AppearanceViewController.m */,
			);
			path = Appearance;
			sourceTree = "<group>";
		};
		3C1F09DC2153D393005D4692 /* Appearance */ = {
			isa = PBXGroup;
			children = (
				3C1F09DD2153D3AC005D4692 /* CustomView.h */,
				3C1F09DE2153D3AC005D4692 /* CustomView.m */,
			);
			path = Appearance;
			sourceTree = "<group>";
		};
		3C2A3CBC214F988C0071B9CE /* AVFoundation */ = {
			isa = PBXGroup;
			children = (
				3C2A3CBD214F999D0071B9CE /* FZVideoSource.h */,
				3C2A3CBE214F999D0071B9CE /* FZVideoSource.m */,
				3C2A3CC0214FA1A80071B9CE /* AVFoundationTestController.h */,
				3C2A3CC1214FA1A80071B9CE /* AVFoundationTestController.m */,
			);
			path = AVFoundation;
			sourceTree = "<group>";
		};
		3C71C1C6211D6BCD00132B60 /* Base */ = {
			isa = PBXGroup;
			children = (
				3C71C1C7211D6BEE00132B60 /* BaseTableViewController.h */,
				3C71C1C8211D6BEE00132B60 /* BaseTableViewController.m */,
			);
			path = Base;
			sourceTree = "<group>";
		};
		3C71C1CE211D6CA100132B60 /* General */ = {
			isa = PBXGroup;
			children = (
				3C71C1D0211D6CB600132B60 /* Lib */,
				3C71C1CF211D6CA900132B60 /* Categories */,
			);
			path = General;
			sourceTree = "<group>";
		};
		3C71C1CF211D6CA900132B60 /* Categories */ = {
			isa = PBXGroup;
			children = (
				3C71C2262122BD2800132B60 /* NSArray+NNAdd.h */,
				3C71C2242122BD2700132B60 /* NSArray+NNAdd.m */,
				3C71C22E2122BD2A00132B60 /* NSData+NNAdd.h */,
				3C71C2282122BD2800132B60 /* NSData+NNAdd.m */,
				3C71C2212122BD2600132B60 /* NSDictionary+NNAdd.h */,
				3C71C22A2122BD2900132B60 /* NSDictionary+NNAdd.m */,
				3C71C21F2122BD2500132B60 /* NSMutableArray+NNAdd.h */,
				3C71C2202122BD2600132B60 /* NSMutableArray+NNAdd.m */,
				3C71C2272122BD2800132B60 /* NSMutableDictionary+NNAdd.h */,
				3C71C22C2122BD2A00132B60 /* NSMutableDictionary+NNAdd.m */,
				3C71C2232122BD2700132B60 /* NSString+NNAdd.h */,
				3C71C2252122BD2700132B60 /* NSString+NNAdd.m */,
				3C71C22B2122BD2900132B60 /* UIFont+NNAdd.h */,
				3C71C2222122BD2600132B60 /* UIFont+NNAdd.m */,
				3C71C22D2122BD2A00132B60 /* UIView+NNAdd.h */,
				3C71C2292122BD2900132B60 /* UIView+NNAdd.m */,
				3CCB05A42059182600AF6760 /* UIViewController+Push.h */,
				3CCB05A52059182600AF6760 /* UIViewController+Push.m */,
			);
			path = Categories;
			sourceTree = "<group>";
		};
		3C71C1D0211D6CB600132B60 /* Lib */ = {
			isa = PBXGroup;
			children = (
				3C71C23E2123C4A400132B60 /* LunarCore */,
				3C71C1D2211D6D9700132B60 /* htmlToPdf */,
				3C71C1D6211D6DAC00132B60 /* ReplayKit */,
			);
			path = Lib;
			sourceTree = "<group>";
		};
		3C71C1D1211D6CF500132B60 /* supporting files */ = {
			isa = PBXGroup;
			children = (
				3CCB058C20590F7700AF6760 /* Main.storyboard */,
				3CCB059120590F7700AF6760 /* LaunchScreen.storyboard */,
				3CCB059420590F7700AF6760 /* Info.plist */,
				3CCB059520590F7700AF6760 /* main.m */,
				3CCB05A72059189A00AF6760 /* iOSLearningDemo.pch */,
				3CCB058620590F7700AF6760 /* AppDelegate.h */,
				3CCB058720590F7700AF6760 /* AppDelegate.m */,
			);
			path = "supporting files";
			sourceTree = "<group>";
		};
		3C71C1D2211D6D9700132B60 /* htmlToPdf */ = {
			isa = PBXGroup;
			children = (
				3C71C1D3211D6DA300132B60 /* BNHtmlPdfKit.h */,
				3C71C1D4211D6DA300132B60 /* BNHtmlPdfKit.m */,
			);
			path = htmlToPdf;
			sourceTree = "<group>";
		};
		3C71C1D6211D6DAC00132B60 /* ReplayKit */ = {
			isa = PBXGroup;
			children = (
				3C398FC8206DE85C008BDFB3 /* FJReplayKit.h */,
				3C398FC9206DE85C008BDFB3 /* FJReplayKit.m */,
			);
			path = ReplayKit;
			sourceTree = "<group>";
		};
		3C71C1DC211E84A600132B60 /* Recovered References */ = {
			isa = PBXGroup;
			children = (
				3C2980432088C0BF00AFA2A4 /* childView.m */,
				3C2980402088C0B000AFA2A4 /* ParentView.m */,
				3C29803D2088C06800AFA2A4 /* MyWindow.m */,
			);
			name = "Recovered References";
			sourceTree = "<group>";
		};
		3C71C1DD212164AC00132B60 /* network */ = {
			isa = PBXGroup;
			children = (
				3C71C1DE212164F400132B60 /* NetworkRequest.h */,
				3C71C1DF212164F400132B60 /* NetworkRequest.m */,
				3C71C1E42121802E00132B60 /* APIRequest.h */,
				3C71C1E52121802E00132B60 /* APIRequest.m */,
				3C71C1E121217E2D00132B60 /* NetworkRequsetTestController.h */,
				3C71C1E221217E2D00132B60 /* NetworkRequsetTestController.m */,
			);
			path = network;
			sourceTree = "<group>";
		};
		3C71C2372122BEA100132B60 /* JTCalendar */ = {
			isa = PBXGroup;
			children = (
				3C71C1F12122BAEC00132B60 /* JTCalendarTestController.h */,
				3C71C1F22122BAEC00132B60 /* JTCalendarTestController.m */,
			);
			path = JTCalendar;
			sourceTree = "<group>";
		};
		3C71C2382122BEB500132B60 /* htmlToPdf */ = {
			isa = PBXGroup;
			children = (
				3C71C1CA211D6C7000132B60 /* HtmlToPdfViewController.h */,
				3C71C1CB211D6C7000132B60 /* HtmlToPdfViewController.m */,
				3C71C1D7211D6FA600132B60 /* 1.html */,
			);
			path = htmlToPdf;
			sourceTree = "<group>";
		};
		3C71C2392122E56200132B60 /* FSCalendar */ = {
			isa = PBXGroup;
			children = (
				3C71C23A2122E57B00132B60 /* FSCalenderController.h */,
				3C71C23B2122E57B00132B60 /* FSCalenderController.m */,
				3C71C2422123CA0C00132B60 /* NNLunarCalenderManager.h */,
				3C71C2432123CA0C00132B60 /* NNLunarCalenderManager.m */,
				3C71C24721241F1900132B60 /* DIYCalendarCell.h */,
				3C71C24821241F1900132B60 /* DIYCalendarCell.m */,
			);
			path = FSCalendar;
			sourceTree = "<group>";
		};
		3C71C23D2122E5B200132B60 /* touch */ = {
			isa = PBXGroup;
			children = (
				3C1F09DC2153D393005D4692 /* Appearance */,
				3C8206C8207363CE009BE5A6 /* ViewTestController.h */,
				3C8206C9207363CE009BE5A6 /* ViewTestController.m */,
			);
			path = touch;
			sourceTree = "<group>";
		};
		3C71C23E2123C4A400132B60 /* LunarCore */ = {
			isa = PBXGroup;
			children = (
				3C71C23F2123C4AF00132B60 /* LunarCore.h */,
				3C71C2402123C4AF00132B60 /* LunarCore.m */,
			);
			path = LunarCore;
			sourceTree = "<group>";
		};
		3C8206C420736320009BE5A6 /* UI */ = {
			isa = PBXGroup;
			children = (
				3C1F09D82153D30F005D4692 /* Appearance */,
				3C1E6C5C213D455D002112AF /* animation */,
				3C03E21621354C1900900A65 /* DiaryNameTest */,
				3CDDB2B7212D443C0047BFAB /* groupSelectorTest */,
				3CDDB298212BE3820047BFAB /* collectionViewInScrollView */,
				3C71C2392122E56200132B60 /* FSCalendar */,
				3C71C2372122BEA100132B60 /* JTCalendar */,
				3C71C23D2122E5B200132B60 /* touch */,
				3C71C2382122BEB500132B60 /* htmlToPdf */,
				3CB721662095CFF5001901C3 /* coreText */,
				3C8206C52073633B009BE5A6 /* UITestTableViewController.h */,
				3C8206C62073633B009BE5A6 /* UITestTableViewController.m */,
			);
			path = UI;
			sourceTree = "<group>";
		};
		3C8206CB20747596009BE5A6 /* runtime */ = {
			isa = PBXGroup;
			children = (
				3C8206CC207475A8009BE5A6 /* RuntimeTestViewController.h */,
				3C8206CD207475A8009BE5A6 /* RuntimeTestViewController.m */,
				3C8206CF2074ACAA009BE5A6 /* Person2.h */,
				3C8206D02074ACAA009BE5A6 /* Person2.m */,
				3C35BF9820761E1900066B05 /* TestRuntimeForward.h */,
				3C35BF9920761E1900066B05 /* TestRuntimeForward.m */,
				3C35BF9B2078738700066B05 /* TestRuntimeForward+category.h */,
				3C35BF9C2078738700066B05 /* TestRuntimeForward+category.m */,
			);
			path = runtime;
			sourceTree = "<group>";
		};
		3C968A322061FE0D002BAC80 /* algo */ = {
			isa = PBXGroup;
			children = (
				3C968A332061FE53002BAC80 /* AlgoTableViewController.h */,
				3C968A342061FE53002BAC80 /* AlgoTableViewController.m */,
				3C0BEEC320649D950022055C /* LinkListViewController.h */,
				3C0BEEC420649D950022055C /* LinkListViewController.m */,
				3C0BEED32064E2080022055C /* StringArrayViewController.h */,
				3C0BEED42064E2080022055C /* StringArrayViewController.m */,
				3CDC807D20676A2C00D3AEEB /* PointerViewController.h */,
				3CDC807E20676A2C00D3AEEB /* PointerViewController.m */,
				3C9C37252069EEFA00F3ECD9 /* SortViewController.h */,
				3C9C37262069EEFA00F3ECD9 /* SortViewController.m */,
			);
			path = algo;
			sourceTree = "<group>";
		};
		3C9C37212068D83900F3ECD9 /* functionalProgram */ = {
			isa = PBXGroup;
			children = (
				3C71C1DD212164AC00132B60 /* network */,
				3C9C37222068D85500F3ECD9 /* FunctionalViewController.h */,
				3C9C37232068D85500F3ECD9 /* FunctionalViewController.m */,
			);
			path = functionalProgram;
			sourceTree = "<group>";
		};
		3C9C3728206B2C6D00F3ECD9 /* PropertyLearning */ = {
			isa = PBXGroup;
			children = (
				3C9C3729206B2C9300F3ECD9 /* PropertyLearningController.h */,
				3C9C372A206B2C9300F3ECD9 /* PropertyLearningController.m */,
			);
			path = PropertyLearning;
			sourceTree = "<group>";
		};
		3C9C372F206B2EB800F3ECD9 /* categoryLearning */ = {
			isa = PBXGroup;
			children = (
				3C9C3730206B2ECF00F3ECD9 /* CategoryViewController.h */,
				3C9C3731206B2ECF00F3ECD9 /* CategoryViewController.m */,
				3C35BF9E20789D7100066B05 /* CategoryObj.h */,
				3C35BF9F20789D7100066B05 /* CategoryObj.m */,
				3C35BFA12078A02000066B05 /* CategoryObj+Test.h */,
				3C35BFA22078A02000066B05 /* CategoryObj+Test.m */,
				3C35BFA42078B3CC00066B05 /* CategoryObj+Test2.h */,
				3C35BFA52078B3CC00066B05 /* CategoryObj+Test2.m */,
			);
			path = categoryLearning;
			sourceTree = "<group>";
		};
		3C9C373C206C7AF400F3ECD9 /* memoryLearning */ = {
			isa = PBXGroup;
			children = (
				3C9C3733206B2F4E00F3ECD9 /* AutoreleasePoolController.h */,
				3C9C3734206B2F4E00F3ECD9 /* AutoreleasePoolController.m */,
				3C9C3739206C7AEF00F3ECD9 /* MemoryManageViewController.h */,
				3C9C373A206C7AEF00F3ECD9 /* MemoryManageViewController.m */,
				3C9C3736206C7AD600F3ECD9 /* MRCObject.h */,
				3C9C3737206C7AD600F3ECD9 /* MRCObject.m */,
				3C9C373D206C7C8100F3ECD9 /* MRCTestObject.h */,
				3C9C373E206C7C8100F3ECD9 /* MRCTestObject.m */,
				3C9C3740206C8E3500F3ECD9 /* MRCSubTestObject.h */,
				3C9C3741206C8E3500F3ECD9 /* MRCSubTestObject.m */,
				3C9C3743206CC5D000F3ECD9 /* ARCObject.h */,
				3C9C3744206CC5D000F3ECD9 /* ARCObject.m */,
			);
			path = memoryLearning;
			sourceTree = "<group>";
		};
		3CB721662095CFF5001901C3 /* coreText */ = {
			isa = PBXGroup;
			children = (
				3CB721672095D010001901C3 /* CoreTextController.h */,
				3CB721682095D010001901C3 /* CoreTextController.m */,
				3CB7216A2095D054001901C3 /* CTDisplayView.h */,
				3CB7216B2095D054001901C3 /* CTDisplayView.m */,
			);
			path = coreText;
			sourceTree = "<group>";
		};
		3CCB057A20590F7700AF6760 = {
			isa = PBXGroup;
			children = (
				3CCB058520590F7700AF6760 /* iOSLearnigDemo */,
				3CCB058420590F7700AF6760 /* Products */,
				3C71C1DC211E84A600132B60 /* Recovered References */,
				D745BAB49044DF411F009ADA /* Pods */,
				226AFB23E662FA89C576F591 /* Frameworks */,
			);
			sourceTree = "<group>";
		};
		3CCB058420590F7700AF6760 /* Products */ = {
			isa = PBXGroup;
			children = (
				3CCB058320590F7700AF6760 /* iOSLearnigDemo.app */,
			);
			name = Products;
			sourceTree = "<group>";
		};
		3CCB058520590F7700AF6760 /* iOSLearnigDemo */ = {
			isa = PBXGroup;
			children = (
				3CCB059C2059142200AF6760 /* MainTableViewController.h */,
				3CCB059D2059142200AF6760 /* MainTableViewController.m */,
				3C2A3CBC214F988C0071B9CE /* AVFoundation */,
				3C71C1D1211D6CF500132B60 /* supporting files */,
				3C71C1CE211D6CA100132B60 /* General */,
				3C71C1C6211D6BCD00132B60 /* Base */,
				3C8206C420736320009BE5A6 /* UI */,
				3C0BEEC62064A37A0022055C /* dataStructure */,
				3C968A322061FE0D002BAC80 /* algo */,
				3CCB05AB205A5B5900AF6760 /* Objective-C */,
				3CCB059F2059151600AF6760 /* thread */,
				3CCB058F20590F7700AF6760 /* Assets.xcassets */,
			);
			path = iOSLearnigDemo;
			sourceTree = "<group>";
		};
		3CCB059F2059151600AF6760 /* thread */ = {
			isa = PBXGroup;
			children = (
				3CCB05A12059153B00AF6760 /* ThreadTableViewController.h */,
				3CCB05A22059153B00AF6760 /* ThreadTableViewController.m */,
				3CCB05A82059198100AF6760 /* GCDViewController.h */,
				3CCB05A92059198100AF6760 /* GCDViewController.m */,
			);
			path = thread;
			sourceTree = "<group>";
		};
		3CCB05AB205A5B5900AF6760 /* Objective-C */ = {
			isa = PBXGroup;
			children = (
				3C686C5D217E82760037F85D /* New Group */,
				3C8206CB20747596009BE5A6 /* runtime */,
				3C9C373C206C7AF400F3ECD9 /* memoryLearning */,
				3C9C372F206B2EB800F3ECD9 /* categoryLearning */,
				3C9C3728206B2C6D00F3ECD9 /* PropertyLearning */,
				3C9C37212068D83900F3ECD9 /* functionalProgram */,
				3C0BEEBF2062329F0022055C /* copyMutableCopy */,
				3CCB05B2205A6FFC00AF6760 /* block */,
				3CCB05AC205A5B8000AF6760 /* ObjectiveCTableViewController.h */,
				3CCB05AD205A5B8000AF6760 /* ObjectiveCTableViewController.m */,
				3C9C372C206B2DA200F3ECD9 /* ObjectCMainTableController.h */,
				3C9C372D206B2DA200F3ECD9 /* ObjectCMainTableController.m */,
			);
			path = "Objective-C";
			sourceTree = "<group>";
		};
		3CCB05B2205A6FFC00AF6760 /* block */ = {
			isa = PBXGroup;
			children = (
				3C968A1D205A74E2002BAC80 /* blockTest.cpp */,
				3CCB05B5205A703B00AF6760 /* blockTest_block.cpp */,
				3CCB05B3205A701D00AF6760 /* blockTest.c */,
				3C968A1C205A74B6002BAC80 /* blockTest.h */,
			);
			path = block;
			sourceTree = "<group>";
		};
		3CDDB298212BE3820047BFAB /* collectionViewInScrollView */ = {
			isa = PBXGroup;
			children = (
				3CDDB299212BE3B40047BFAB /* ColletionInScrollController.h */,
				3CDDB29A212BE3B40047BFAB /* ColletionInScrollController.m */,
			);
			path = collectionViewInScrollView;
			sourceTree = "<group>";
		};
		3CDDB2A4212D3CCF0047BFAB /* groupSelector */ = {
			isa = PBXGroup;
			children = (
				3CDDB2AC212D3CCF0047BFAB /* VSGroupSelector.h */,
				3CDDB2A7212D3CCF0047BFAB /* VSGroupSelector.m */,
				3CDDB2AA212D3CCF0047BFAB /* VSGroupSelectorHeader.h */,
				3CDDB2B0212D3CCF0047BFAB /* VSGroupSelectorHeader.m */,
				3CDDB2AE212D3CCF0047BFAB /* VSFilterGroupSelector.h */,
				3CDDB2A5212D3CCF0047BFAB /* VSFilterGroupSelector.m */,
				3CDDB2A8212D3CCF0047BFAB /* VSGroupSelectorContainer.h */,
				3CDDB2AB212D3CCF0047BFAB /* VSGroupSelectorContainer.m */,
				3CDDB2A6212D3CCF0047BFAB /* VSBeautyGroupSelector.h */,
				3CDDB2AD212D3CCF0047BFAB /* VSBeautyGroupSelector.m */,
				3CDDB2AF212D3CCF0047BFAB /* VSGroupSelectorBaseCollectionView.h */,
				3CDDB2A9212D3CCF0047BFAB /* VSGroupSelectorBaseCollectionView.m */,
			);
			path = groupSelector;
			sourceTree = "<group>";
		};
		3CDDB2B7212D443C0047BFAB /* groupSelectorTest */ = {
			isa = PBXGroup;
			children = (
				3CDDB2A4212D3CCF0047BFAB /* groupSelector */,
				3CDDB2B8212D445B0047BFAB /* GroupSelectorTestViewController.h */,
				3CDDB2B9212D445B0047BFAB /* GroupSelectorTestViewController.m */,
			);
			path = groupSelectorTest;
			sourceTree = "<group>";
		};
		D745BAB49044DF411F009ADA /* Pods */ = {
			isa = PBXGroup;
			children = (
				D58921FDD7E4250EC4D61A75 /* Pods-iOSLearnigDemo.debug.xcconfig */,
				9EEAC000E3D6A472A25CE362 /* Pods-iOSLearnigDemo.release.xcconfig */,
			);
			name = Pods;
			sourceTree = "<group>";
		};
/* End PBXGroup section */

/* Begin PBXNativeTarget section */
		3CCB058220590F7700AF6760 /* iOSLearnigDemo */ = {
			isa = PBXNativeTarget;
			buildConfigurationList = 3CCB059920590F7700AF6760 /* Build configuration list for PBXNativeTarget "iOSLearnigDemo" */;
			buildPhases = (
				33F33FEB1FE421ED9739EBF7 /* [CP] Check Pods Manifest.lock */,
				3CCB057F20590F7700AF6760 /* Sources */,
				3CCB058020590F7700AF6760 /* Frameworks */,
				3CCB058120590F7700AF6760 /* Resources */,
				7DD38BCC01207B1B434A63DA /* [CP] Copy Pods Resources */,
			);
			buildRules = (
			);
			dependencies = (
			);
			name = iOSLearnigDemo;
			productName = iOSLearnigDemo;
			productReference = 3CCB058320590F7700AF6760 /* iOSLearnigDemo.app */;
			productType = "com.apple.product-type.application";
		};
/* End PBXNativeTarget section */

/* Begin PBXProject section */
		3CCB057B20590F7700AF6760 /* Project object */ = {
			isa = PBXProject;
			attributes = {
				LastUpgradeCheck = 0920;
				ORGANIZATIONNAME = George_luofz;
				TargetAttributes = {
					3CCB058220590F7700AF6760 = {
						CreatedOnToolsVersion = 9.2;
						ProvisioningStyle = Automatic;
					};
				};
			};
			buildConfigurationList = 3CCB057E20590F7700AF6760 /* Build configuration list for PBXProject "iOSLearnigDemo" */;
			compatibilityVersion = "Xcode 8.0";
			developmentRegion = en;
			hasScannedForEncodings = 0;
			knownRegions = (
				en,
				Base,
			);
			mainGroup = 3CCB057A20590F7700AF6760;
			productRefGroup = 3CCB058420590F7700AF6760 /* Products */;
			projectDirPath = "";
			projectRoot = "";
			targets = (
				3CCB058220590F7700AF6760 /* iOSLearnigDemo */,
			);
		};
/* End PBXProject section */

/* Begin PBXResourcesBuildPhase section */
		3CCB058120590F7700AF6760 /* Resources */ = {
			isa = PBXResourcesBuildPhase;
			buildActionMask = 2147483647;
			files = (
				3CCB059320590F7700AF6760 /* LaunchScreen.storyboard in Resources */,
				3CCB059020590F7700AF6760 /* Assets.xcassets in Resources */,
				3C71C1D8211D6FA600132B60 /* 1.html in Resources */,
				3CCB058E20590F7700AF6760 /* Main.storyboard in Resources */,
			);
			runOnlyForDeploymentPostprocessing = 0;
		};
/* End PBXResourcesBuildPhase section */

/* Begin PBXShellScriptBuildPhase section */
		33F33FEB1FE421ED9739EBF7 /* [CP] Check Pods Manifest.lock */ = {
			isa = PBXShellScriptBuildPhase;
			buildActionMask = 2147483647;
			files = (
			);
			inputPaths = (
				"${PODS_PODFILE_DIR_PATH}/Podfile.lock",
				"${PODS_ROOT}/Manifest.lock",
			);
			name = "[CP] Check Pods Manifest.lock";
			outputPaths = (
				"$(DERIVED_FILE_DIR)/Pods-iOSLearnigDemo-checkManifestLockResult.txt",
			);
			runOnlyForDeploymentPostprocessing = 0;
			shellPath = /bin/sh;
			shellScript = "diff \"${PODS_PODFILE_DIR_PATH}/Podfile.lock\" \"${PODS_ROOT}/Manifest.lock\" > /dev/null\nif [ $? != 0 ] ; then\n    # print error to STDERR\n    echo \"error: The sandbox is not in sync with the Podfile.lock. Run 'pod install' or update your CocoaPods installation.\" >&2\n    exit 1\nfi\n# This output is used by Xcode 'outputs' to avoid re-running this script phase.\necho \"SUCCESS\" > \"${SCRIPT_OUTPUT_FILE_0}\"\n";
			showEnvVarsInLog = 0;
		};
		7DD38BCC01207B1B434A63DA /* [CP] Copy Pods Resources */ = {
			isa = PBXShellScriptBuildPhase;
			buildActionMask = 2147483647;
			files = (
			);
			inputPaths = (
				"${SRCROOT}/Pods/Target Support Files/Pods-iOSLearnigDemo/Pods-iOSLearnigDemo-resources.sh",
				"${PODS_ROOT}/UMengUShare/UShareSDK/UMSocialSDK/UMSocialSDKPromptResources.bundle",
				"${PODS_ROOT}/UMengUShare/UShareSDK/SocialLibraries/QQ/QQSDK/TencentOpenApi_IOS_Bundle.bundle",
				"${PODS_ROOT}/UMengUShare/UShareSDK/SocialLibraries/Sina/SinaSDK/WeiboSDK.bundle",
			);
			name = "[CP] Copy Pods Resources";
			outputPaths = (
				"${TARGET_BUILD_DIR}/${UNLOCALIZED_RESOURCES_FOLDER_PATH}/UMSocialSDKPromptResources.bundle",
				"${TARGET_BUILD_DIR}/${UNLOCALIZED_RESOURCES_FOLDER_PATH}/TencentOpenApi_IOS_Bundle.bundle",
				"${TARGET_BUILD_DIR}/${UNLOCALIZED_RESOURCES_FOLDER_PATH}/WeiboSDK.bundle",
			);
			runOnlyForDeploymentPostprocessing = 0;
			shellPath = /bin/sh;
			shellScript = "\"${SRCROOT}/Pods/Target Support Files/Pods-iOSLearnigDemo/Pods-iOSLearnigDemo-resources.sh\"\n";
			showEnvVarsInLog = 0;
		};
/* End PBXShellScriptBuildPhase section */

/* Begin PBXSourcesBuildPhase section */
		3CCB057F20590F7700AF6760 /* Sources */ = {
			isa = PBXSourcesBuildPhase;
			buildActionMask = 2147483647;
			files = (
				3C1E6C5B213D4559002112AF /* AnimationTestViewController.m in Sources */,
				3C35BFA72078B42900066B05 /* CategoryObj+Test.m in Sources */,
				3CDDB2B2212D3CCF0047BFAB /* VSGroupSelector.m in Sources */,
				3C71C1F32122BAEC00132B60 /* JTCalendarTestController.m in Sources */,
				3C35BFA62078B3CC00066B05 /* CategoryObj+Test2.m in Sources */,
				3C35BF9D2078738700066B05 /* TestRuntimeForward+category.m in Sources */,
				3C35BFA020789D7100066B05 /* CategoryObj.m in Sources */,
				3CCB059620590F7700AF6760 /* main.m in Sources */,
				3C9C3732206B2ECF00F3ECD9 /* CategoryViewController.m in Sources */,
				3CCB05AE205A5B8000AF6760 /* ObjectiveCTableViewController.m in Sources */,
				3C71C2342122BD2B00132B60 /* UIView+NNAdd.m in Sources */,
				3CCB05AA2059198100AF6760 /* GCDViewController.m in Sources */,
				3C71C2442123CA0C00132B60 /* NNLunarCalenderManager.m in Sources */,
				3CCB05A32059153B00AF6760 /* ThreadTableViewController.m in Sources */,
				3C71C24921241F1900132B60 /* DIYCalendarCell.m in Sources */,
				3C71C2312122BD2B00132B60 /* NSArray+NNAdd.m in Sources */,
				3CB721692095D010001901C3 /* CoreTextController.m in Sources */,
				3CCB058820590F7700AF6760 /* AppDelegate.m in Sources */,
				3CDDB2B4212D3CCF0047BFAB /* VSGroupSelectorContainer.m in Sources */,
				3CDDB29B212BE3B40047BFAB /* ColletionInScrollController.m in Sources */,
				3C9C3738206C7AD600F3ECD9 /* MRCObject.m in Sources */,
				3C8206CE207475A8009BE5A6 /* RuntimeTestViewController.m in Sources */,
				3C9C3735206B2F4E00F3ECD9 /* AutoreleasePoolController.m in Sources */,
				3C71C1D5211D6DA400132B60 /* BNHtmlPdfKit.m in Sources */,
				3C35BF9A20761E1900066B05 /* TestRuntimeForward.m in Sources */,
				3C71C2412123C4AF00132B60 /* LunarCore.m in Sources */,
				3C9C3742206C8E3500F3ECD9 /* MRCSubTestObject.m in Sources */,
				3C71C2332122BD2B00132B60 /* NSData+NNAdd.m in Sources */,
				3C0BEED12064A4B70022055C /* ListNode.c in Sources */,
				3C9C37272069EEFA00F3ECD9 /* SortViewController.m in Sources */,
				3C71C1E0212164F400132B60 /* NetworkRequest.m in Sources */,
				3C8206D12074ACAA009BE5A6 /* Person2.m in Sources */,
				3C9C373B206C7AEF00F3ECD9 /* MemoryManageViewController.m in Sources */,
				3C71C23C2122E57B00132B60 /* FSCalenderController.m in Sources */,
				3CDDB2B1212D3CCF0047BFAB /* VSFilterGroupSelector.m in Sources */,
				3C9C37242068D85500F3ECD9 /* FunctionalViewController.m in Sources */,
				3C398FCA206DE85C008BDFB3 /* FJReplayKit.m in Sources */,
				3C0BEED22064AAD40022055C /* Stack.c in Sources */,
				3C71C22F2122BD2B00132B60 /* NSMutableArray+NNAdd.m in Sources */,
				3CB7216C2095D054001901C3 /* CTDisplayView.m in Sources */,
				3C03E21921354C7500900A65 /* Header.m in Sources */,
				3C71C2302122BD2B00132B60 /* UIFont+NNAdd.m in Sources */,
				3C9C3745206CC5D000F3ECD9 /* ARCObject.m in Sources */,
				3C71C1C9211D6BEE00132B60 /* BaseTableViewController.m in Sources */,
				3C1F09DB2153D339005D4692 /* AppearanceViewController.m in Sources */,
				3CCB059E2059142200AF6760 /* MainTableViewController.m in Sources */,
				3C71C2362122BD2B00132B60 /* NSMutableDictionary+NNAdd.m in Sources */,
				3CDDB2B6212D3CCF0047BFAB /* VSGroupSelectorHeader.m in Sources */,
				3CDC807F20676A2C00D3AEEB /* PointerViewController.m in Sources */,
				3C03E22221355F9F00900A65 /* FlowLayoutTestController.m in Sources */,
				3C03E21C21354EF800900A65 /* HeaderCollectionViewCell.m in Sources */,
				3C1F09DF2153D3AC005D4692 /* CustomView.m in Sources */,
				3C9C372B206B2C9300F3ECD9 /* PropertyLearningController.m in Sources */,
				3C03E21F213558B400900A65 /* CustomFlowLayout.m in Sources */,
				3C2A3CC2214FA1A80071B9CE /* AVFoundationTestController.m in Sources */,
				3C71C2322122BD2B00132B60 /* NSString+NNAdd.m in Sources */,
				3C8206C72073633B009BE5A6 /* UITestTableViewController.m in Sources */,
				3CDDB2B3212D3CCF0047BFAB /* VSGroupSelectorBaseCollectionView.m in Sources */,
				3C0BEEC2206232B30022055C /* Person.m in Sources */,
				3C968A352061FE53002BAC80 /* AlgoTableViewController.m in Sources */,
				3C71C1E62121802E00132B60 /* APIRequest.m in Sources */,
				3C71C1E321217E2D00132B60 /* NetworkRequsetTestController.m in Sources */,
				3C9C373F206C7C8100F3ECD9 /* MRCTestObject.m in Sources */,
				3C9C372E206B2DA200F3ECD9 /* ObjectCMainTableController.m in Sources */,
				3C0BEEC520649D950022055C /* LinkListViewController.m in Sources */,
				3CCB05A62059182600AF6760 /* UIViewController+Push.m in Sources */,
				3C71C1CC211D6C7000132B60 /* HtmlToPdfViewController.m in Sources */,
				3CDDB2BA212D445B0047BFAB /* GroupSelectorTestViewController.m in Sources */,
				3C8206CA207363CE009BE5A6 /* ViewTestController.m in Sources */,
				3C71C2352122BD2B00132B60 /* NSDictionary+NNAdd.m in Sources */,
				3C0BEED52064E2080022055C /* StringArrayViewController.m in Sources */,
				3C2A3CBF214F999D0071B9CE /* FZVideoSource.m in Sources */,
				3CDDB2B5212D3CCF0047BFAB /* VSBeautyGroupSelector.m in Sources */,
			);
			runOnlyForDeploymentPostprocessing = 0;
		};
/* End PBXSourcesBuildPhase section */

/* Begin PBXVariantGroup section */
		3CCB058C20590F7700AF6760 /* Main.storyboard */ = {
			isa = PBXVariantGroup;
			children = (
				3CCB058D20590F7700AF6760 /* Base */,
				3C71C2452123D2A900132B60 /* zh-Hans */,
			);
			name = Main.storyboard;
			sourceTree = "<group>";
		};
		3CCB059120590F7700AF6760 /* LaunchScreen.storyboard */ = {
			isa = PBXVariantGroup;
			children = (
				3CCB059220590F7700AF6760 /* Base */,
				3C71C2462123D2A900132B60 /* zh-Hans */,
			);
			name = LaunchScreen.storyboard;
			sourceTree = "<group>";
		};
/* End PBXVariantGroup section */

/* Begin XCBuildConfiguration section */
		3CCB059720590F7700AF6760 /* Debug */ = {
			isa = XCBuildConfiguration;
			buildSettings = {
				ALWAYS_SEARCH_USER_PATHS = NO;
				CLANG_ANALYZER_LOCALIZABILITY_NONLOCALIZED = YES;
				CLANG_ANALYZER_NONNULL = YES;
				CLANG_ANALYZER_NUMBER_OBJECT_CONVERSION = YES_AGGRESSIVE;
				CLANG_CXX_LANGUAGE_STANDARD = "gnu++14";
				CLANG_CXX_LIBRARY = "libc++";
				CLANG_ENABLE_MODULES = YES;
				CLANG_ENABLE_OBJC_ARC = YES;
				CLANG_WARN_BLOCK_CAPTURE_AUTORELEASING = YES;
				CLANG_WARN_BOOL_CONVERSION = YES;
				CLANG_WARN_COMMA = YES;
				CLANG_WARN_CONSTANT_CONVERSION = YES;
				CLANG_WARN_DIRECT_OBJC_ISA_USAGE = YES_ERROR;
				CLANG_WARN_DOCUMENTATION_COMMENTS = YES;
				CLANG_WARN_EMPTY_BODY = YES;
				CLANG_WARN_ENUM_CONVERSION = YES;
				CLANG_WARN_INFINITE_RECURSION = YES;
				CLANG_WARN_INT_CONVERSION = YES;
				CLANG_WARN_NON_LITERAL_NULL_CONVERSION = YES;
				CLANG_WARN_OBJC_LITERAL_CONVERSION = YES;
				CLANG_WARN_OBJC_ROOT_CLASS = YES_ERROR;
				CLANG_WARN_RANGE_LOOP_ANALYSIS = YES;
				CLANG_WARN_STRICT_PROTOTYPES = YES;
				CLANG_WARN_SUSPICIOUS_MOVE = YES;
				CLANG_WARN_UNGUARDED_AVAILABILITY = YES_AGGRESSIVE;
				CLANG_WARN_UNREACHABLE_CODE = YES;
				CLANG_WARN__DUPLICATE_METHOD_MATCH = YES;
				CODE_SIGN_IDENTITY = "iPhone Developer";
				COPY_PHASE_STRIP = NO;
				DEBUG_INFORMATION_FORMAT = dwarf;
				ENABLE_STRICT_OBJC_MSGSEND = YES;
				ENABLE_TESTABILITY = YES;
				GCC_C_LANGUAGE_STANDARD = gnu11;
				GCC_DYNAMIC_NO_PIC = NO;
				GCC_NO_COMMON_BLOCKS = YES;
				GCC_OPTIMIZATION_LEVEL = 0;
				GCC_PREPROCESSOR_DEFINITIONS = (
					"DEBUG=1",
					"$(inherited)",
				);
				GCC_WARN_64_TO_32_BIT_CONVERSION = YES;
				GCC_WARN_ABOUT_RETURN_TYPE = YES_ERROR;
				GCC_WARN_UNDECLARED_SELECTOR = YES;
				GCC_WARN_UNINITIALIZED_AUTOS = YES_AGGRESSIVE;
				GCC_WARN_UNUSED_FUNCTION = YES;
				GCC_WARN_UNUSED_VARIABLE = YES;
				IPHONEOS_DEPLOYMENT_TARGET = 11.2;
				MTL_ENABLE_DEBUG_INFO = YES;
				ONLY_ACTIVE_ARCH = YES;
				SDKROOT = iphoneos;
			};
			name = Debug;
		};
		3CCB059820590F7700AF6760 /* Release */ = {
			isa = XCBuildConfiguration;
			buildSettings = {
				ALWAYS_SEARCH_USER_PATHS = NO;
				CLANG_ANALYZER_LOCALIZABILITY_NONLOCALIZED = YES;
				CLANG_ANALYZER_NONNULL = YES;
				CLANG_ANALYZER_NUMBER_OBJECT_CONVERSION = YES_AGGRESSIVE;
				CLANG_CXX_LANGUAGE_STANDARD = "gnu++14";
				CLANG_CXX_LIBRARY = "libc++";
				CLANG_ENABLE_MODULES = YES;
				CLANG_ENABLE_OBJC_ARC = YES;
				CLANG_WARN_BLOCK_CAPTURE_AUTORELEASING = YES;
				CLANG_WARN_BOOL_CONVERSION = YES;
				CLANG_WARN_COMMA = YES;
				CLANG_WARN_CONSTANT_CONVERSION = YES;
				CLANG_WARN_DIRECT_OBJC_ISA_USAGE = YES_ERROR;
				CLANG_WARN_DOCUMENTATION_COMMENTS = YES;
				CLANG_WARN_EMPTY_BODY = YES;
				CLANG_WARN_ENUM_CONVERSION = YES;
				CLANG_WARN_INFINITE_RECURSION = YES;
				CLANG_WARN_INT_CONVERSION = YES;
				CLANG_WARN_NON_LITERAL_NULL_CONVERSION = YES;
				CLANG_WARN_OBJC_LITERAL_CONVERSION = YES;
				CLANG_WARN_OBJC_ROOT_CLASS = YES_ERROR;
				CLANG_WARN_RANGE_LOOP_ANALYSIS = YES;
				CLANG_WARN_STRICT_PROTOTYPES = YES;
				CLANG_WARN_SUSPICIOUS_MOVE = YES;
				CLANG_WARN_UNGUARDED_AVAILABILITY = YES_AGGRESSIVE;
				CLANG_WARN_UNREACHABLE_CODE = YES;
				CLANG_WARN__DUPLICATE_METHOD_MATCH = YES;
				CODE_SIGN_IDENTITY = "iPhone Developer";
				COPY_PHASE_STRIP = NO;
				DEBUG_INFORMATION_FORMAT = "dwarf-with-dsym";
				ENABLE_NS_ASSERTIONS = NO;
				ENABLE_STRICT_OBJC_MSGSEND = YES;
				GCC_C_LANGUAGE_STANDARD = gnu11;
				GCC_NO_COMMON_BLOCKS = YES;
				GCC_WARN_64_TO_32_BIT_CONVERSION = YES;
				GCC_WARN_ABOUT_RETURN_TYPE = YES_ERROR;
				GCC_WARN_UNDECLARED_SELECTOR = YES;
				GCC_WARN_UNINITIALIZED_AUTOS = YES_AGGRESSIVE;
				GCC_WARN_UNUSED_FUNCTION = YES;
				GCC_WARN_UNUSED_VARIABLE = YES;
				IPHONEOS_DEPLOYMENT_TARGET = 11.2;
				MTL_ENABLE_DEBUG_INFO = NO;
				SDKROOT = iphoneos;
				VALIDATE_PRODUCT = YES;
			};
			name = Release;
		};
		3CCB059A20590F7700AF6760 /* Debug */ = {
			isa = XCBuildConfiguration;
			baseConfigurationReference = D58921FDD7E4250EC4D61A75 /* Pods-iOSLearnigDemo.debug.xcconfig */;
			buildSettings = {
				ASSETCATALOG_COMPILER_APPICON_NAME = AppIcon;
				CODE_SIGN_IDENTITY = "iPhone Developer";
				CODE_SIGN_STYLE = Automatic;
				DEVELOPMENT_TEAM = D7X74D2YD8;
				ENABLE_STRICT_OBJC_MSGSEND = NO;
				GCC_PREFIX_HEADER = "iOSLearnigDemo/supporting files/iOSLearningDemo.pch";
				INFOPLIST_FILE = "$(SRCROOT)/iOSLearnigDemo/supporting files/Info.plist";
				IPHONEOS_DEPLOYMENT_TARGET = 8.0;
				LD_RUNPATH_SEARCH_PATHS = "$(inherited) @executable_path/Frameworks";
				PRODUCT_BUNDLE_IDENTIFIER = com.yixia.iOSLearnigDemo;
				PRODUCT_NAME = "$(TARGET_NAME)";
				PROVISIONING_PROFILE = "";
				PROVISIONING_PROFILE_SPECIFIER = "";
				TARGETED_DEVICE_FAMILY = "1,2";
			};
			name = Debug;
		};
		3CCB059B20590F7700AF6760 /* Release */ = {
			isa = XCBuildConfiguration;
			baseConfigurationReference = 9EEAC000E3D6A472A25CE362 /* Pods-iOSLearnigDemo.release.xcconfig */;
			buildSettings = {
				ASSETCATALOG_COMPILER_APPICON_NAME = AppIcon;
				CODE_SIGN_IDENTITY = "iPhone Developer";
				CODE_SIGN_STYLE = Automatic;
				DEVELOPMENT_TEAM = D7X74D2YD8;
				ENABLE_STRICT_OBJC_MSGSEND = NO;
				GCC_PREFIX_HEADER = "iOSLearnigDemo/supporting files/iOSLearningDemo.pch";
				INFOPLIST_FILE = "$(SRCROOT)/iOSLearnigDemo/supporting files/Info.plist";
				IPHONEOS_DEPLOYMENT_TARGET = 8.0;
				LD_RUNPATH_SEARCH_PATHS = "$(inherited) @executable_path/Frameworks";
				PRODUCT_BUNDLE_IDENTIFIER = com.yixia.iOSLearnigDemo;
				PRODUCT_NAME = "$(TARGET_NAME)";
				PROVISIONING_PROFILE_SPECIFIER = "";
				TARGETED_DEVICE_FAMILY = "1,2";
			};
			name = Release;
		};
/* End XCBuildConfiguration section */

/* Begin XCConfigurationList section */
		3CCB057E20590F7700AF6760 /* Build configuration list for PBXProject "iOSLearnigDemo" */ = {
			isa = XCConfigurationList;
			buildConfigurations = (
				3CCB059720590F7700AF6760 /* Debug */,
				3CCB059820590F7700AF6760 /* Release */,
			);
			defaultConfigurationIsVisible = 0;
			defaultConfigurationName = Release;
		};
		3CCB059920590F7700AF6760 /* Build configuration list for PBXNativeTarget "iOSLearnigDemo" */ = {
			isa = XCConfigurationList;
			buildConfigurations = (
				3CCB059A20590F7700AF6760 /* Debug */,
				3CCB059B20590F7700AF6760 /* Release */,
			);
			defaultConfigurationIsVisible = 0;
			defaultConfigurationName = Release;
		};
/* End XCConfigurationList section */
	};
	rootObject = 3CCB057B20590F7700AF6760 /* Project object */;
}
